
Microsoft Visual Studio Solution File, Format Version 12.00
# Visual Studio Version 17
VisualStudioVersion = 17.9.34607.119
MinimumVisualStudioVersion = 10.0.40219.1
Project("{8BC9CEB8-8B4A-11D0-8D11-00A0C91BC942}") = "PR", "PR\PR.vcxproj", "{E626D274-6F55-4174-B9C9-997077B598A2}"
EndProject
Global
	GlobalSection(SolutionConfigurationPlatforms) = preSolution
		Debug|x64 = Debug|x64
		Debug|x86 = Debug|x86
		Release|x64 = Release|x64
		Release|x86 = Release|x86
	EndGlobalSection
	GlobalSection(ProjectConfigurationPlatforms) = postSolution
		{E626D274-6F55-4174-B9C9-997077B598A2}.Debug|x64.ActiveCfg = Debug|x64
		{E626D274-6F55-4174-B9C9-997077B598A2}.Debug|x64.Build.0 = Debug|x64
		{E626D274-6F55-4174-B9C9-997077B598A2}.Debug|x86.ActiveCfg = Debug|Win32
		{E626D274-6F55-4174-B9C9-997077B598A2}.Debug|x86.Build.0 = Debug|Win32
		{E626D274-6F55-4174-B9C9-997077B598A2}.Release|x64.ActiveCfg = Release|x64
		{E626D274-6F55-4174-B9C9-997077B598A2}.Release|x64.Build.0 = Release|x64
		{E626D274-6F55-4174-B9C9-997077B598A2}.Release|x86.ActiveCfg = Release|Win32
		{E626D274-6F55-4174-B9C9-997077B598A2}.Release|x86.Build.0 = Release|Win32
	EndGlobalSection
	GlobalSection(SolutionProperties) = preSolution
		HideSolutionNode = FALSE
	EndGlobalSection
	GlobalSection(ExtensibilityGlobals) = postSolution
		SolutionGuid = {0D4A4DCD-A19A-4859-9EAD-8078E7D02120}
	EndGlobalSection
EndGlobal
